{
  "name": "saucedemo-api-testing-postman",
  "lockfileVersion": 3,
  "requires": true,
  "packages": {
    "": {
      "name": "saucedemo-api-testing-postman",
      "devDependencies": {
        "postman-cli": "^1.27.0"
      }
    },
    "node_modules/@postman/pm-bin-linux-arm64": {
      "version": "1.39.2",
      "resolved": "https://registry.npmjs.org/@postman/pm-bin-linux-arm64/-/pm-bin-linux-arm64-1.39.2.tgz",
      "integrity": "sha512-o87T3oZqJ0kD2d2l63VcWwOmyP/DjSQxyuGMVkU/GCKPTGNIYaJ+Dtesq6brR0vrG6ImEwRDlURp6Sz0RYgoPQ==",
      "cpu": [
        "arm64"
      ],
      "dev": true,
      "optional": true,
      "os": [
        "linux"
      ]
    },
    "node_modules/@postman/pm-bin-linux-x64": {
      "version": "1.39.2",
      "resolved": "https://registry.npmjs.org/@postman/pm-bin-linux-x64/-/pm-bin-linux-x64-1.39.2.tgz",
      "integrity": "sha512-iyuBfd8Wp3WleoKV0OitdAbZSw+fmPU35+BKT5+LocQYIpgbgx5unkZuIv76vnO6LExovmSKrIdrapnMVE95zw==",
      "cpu": [
        "x64"
      ],
      "dev": true,
      "optional": true,
      "os": [
        "linux"
      ]
    },
    "node_modules/@postman/pm-bin-macos-arm64": {
      "version": "1.39.2",
      "resolved": "https://registry.npmjs.org/@postman/pm-bin-macos-arm64/-/pm-bin-macos-arm64-1.39.2.tgz",
      "integrity": "sha512-XjZRex7t2Pmaua0daaIZuGSh1HHoPQQ752nTxChB9IcT1Aqe7vJas72R6SQFlz+u7hSkbHTSLgAa8nY8pYAqbA==",
      "cpu": [
        "arm64"
      ],
      "dev": true,
      "optional": true,
      "os": [
        "darwin"
      ]
    },
    "node_modules/@postman/pm-bin-macos-x64": {
      "version": "1.39.2",
      "resolved": "https://registry.npmjs.org/@postman/pm-bin-macos-x64/-/pm-bin-macos-x64-1.39.2.tgz",
      "integrity": "sha512-R4X60QsJTtjGQWPRvxy5ik/z5ErkFy0I1TI9U1LCYyRJnC838DxHucrFC2EiET5BULil4z1YTUMU/CP5cePdcw==",
      "cpu": [
        "x64"
      ],
      "dev": true,
      "optional": true,
      "os": [
        "darwin"
      ]
    },
    "node_modules/@postman/pm-bin-windows-x64": {
      "version": "1.39.2",
      "resolved": "https://registry.npmjs.org/@postman/pm-bin-windows-x64/-/pm-bin-windows-x64-1.39.2.tgz",
      "integrity": "sha512-QF3s7hctYA6Ym5tayfh9XriENKjJ8Bsv+aQG+xgmHDQKEcP3kHktZAD1P0W5N0+HkAbjM2i2c2u01rI5NDLDDg==",
      "cpu": [
        "x64"
      ],
      "dev": true,
      "optional": true,
      "os": [
        "win32"
      ]
    },
    "node_modules/postman-cli": {
      "version": "1.39.2",
      "resolved": "https://registry.npmjs.org/postman-cli/-/postman-cli-1.39.2.tgz",
      "integrity": "sha512-jozj1YNSKqwRjKaoT47sI3kfZX+OXmWtNmCNJ6quZ57Sul8GJA3U4c+AYTYeIXR3YqUqde0F5L+EdwFdtsGfxw==",
      "dev": true,
      "bin": {
        "postman": "bin/postman.js"
      },
      "optionalDependencies": {
        "@postman/pm-bin-linux-arm64": "1.39.2",
        "@postman/pm-bin-linux-x64": "1.39.2",
        "@postman/pm-bin-macos-arm64": "1.39.2",
        "@postman/pm-bin-macos-x64": "1.39.2",
        "@postman/pm-bin-windows-x64": "1.39.2"
      }
    }
  }
}
